{"1.1.0",
[{<<"brunhilde">>,
  {git,"https://github.com/ksallberg/brunhilde.git",
       {ref,"e7b4ed4bf8c170a96503bb5af113e7d86b946021"}},
  0},
 {<<"clj">>,
  {git,"https://github.com/lfex/clj.git",
       {ref,"10fec22c8b01055efc26023272251d5d1e1112be"}},
  2},
 {<<"erlydtl">>,
  {git,"https://github.com/erlydtl/erlydtl.git",
       {ref,"cec398dc9df62298324ee5e3cbbd88ca9995b86b"}},
  1},
 {<<"exemplar">>,
  {git,"https://github.com/lfex/exemplar.git",
       {ref,"71943ed27049d2b1e554493e53f79842032168d0"}},
  0},
 {<<"goldrush">>,{pkg,<<"goldrush">>,<<"0.1.8">>},2},
 {<<"jsx">>,{pkg,<<"jsx">>,<<"2.8.0">>},1},
 {<<"kla">>,
  {git,"https://github.com/lfex/kla.git",
       {ref,"495cfa95682a3962ddd527c935a5afa6b808f848"}},
  3},
 {<<"lager">>,{pkg,<<"lager">>,<<"3.2.1">>},1},
 {<<"lfe-version">>,
  {git,"https://github.com/lfe-rebar3/version.git",
       {ref,"94140845563f96d2a6fb356524d867b906088b20"}},
  4},
 {<<"lutil">>,
  {git,"git://github.com/lfex/lutil.git",
       {ref,"1132c09949d22fcbd413b6a779bcb40a629c44d3"}},
  1},
 {<<"quickrand">>,
  {git,"https://github.com/okeuday/quickrand.git",
       {ref,"ad46bb697b98e8dcbf5c4a0af0099a5f1b2a0aa2"}},
  1},
 {<<"uuid">>,
  {git,"https://github.com/okeuday/uuid.git",
       {ref,"3eafe58f386a0ba2c23e020d1f812a272d2a33bf"}},
  0}]}.
[
{pkg_hash,[
 {<<"goldrush">>, <<"2024BA375CEEA47E27EA70E14D2C483B2D8610101B4E852EF7F89163CDB6E649">>},
 {<<"jsx">>, <<"749BEC6D205C694AE1786D62CEA6CC45A390437E24835FD16D12D74F07097727">>},
 {<<"lager">>, <<"EEF4E18B39E4195D37606D9088EA05BF1B745986CF8EC84F01D332456FE88D17">>}]}
].
